speakeasyVersion: 1.592.2
sources:
    Mollie API:
        sourceNamespace: mollie-api
        sourceRevisionDigest: sha256:40e3c145655bbe24daaa3ad992849e276aa0d933b044cb8bcbd038df1ad320c1
        sourceBlobDigest: sha256:5e4f4a2640175c527e4b91666861a7856e4691565f5ea73f763345a424d6720e
        tags:
            - latest
            - speakeasy-sdk-regen-1753961632
            - 1.0.0
targets:
    client:
        source: Mollie API
        sourceNamespace: mollie-api
        sourceRevisionDigest: sha256:40e3c145655bbe24daaa3ad992849e276aa0d933b044cb8bcbd038df1ad320c1
        sourceBlobDigest: sha256:5e4f4a2640175c527e4b91666861a7856e4691565f5ea73f763345a424d6720e
        codeSamplesNamespace: mollie-api-java-code-samples
        codeSamplesRevisionDigest: sha256:76de7b18a437c3f5fa089df15f5810a46fefcac55226f4f21ed964ce4d4dbca0
workflow:
    workflowVersion: 1.0.0
    speakeasyVersion: latest
    sources:
        Mollie API:
            inputs:
                - location: https://raw.githubusercontent.com/mollie/openapi-specs/main/specs.yaml
                  authHeader: Authorization
                  authSecret: $openapi_doc_auth_token
            registry:
                location: registry.speakeasyapi.dev/mollie-oom/mollie/mollie-api
    targets:
        client:
            target: java
            source: Mollie API
            publish:
                java:
                    ossrhUsername: $ossrh_username
                    ossrhPassword: $ossrh_password
                    gpgSecretKey: $java_gpg_secret_key
                    gpgPassPhrase: $java_gpg_passphrase
            codeSamples:
                registry:
                    location: registry.speakeasyapi.dev/mollie-oom/mollie/mollie-api-java-code-samples
                labelOverride:
                    fixedValue: Java (SDK)
                blocking: false
