speakeasyVersion: 1.668.0
sources:
    Mollie API:
        sourceNamespace: mollie-api
        sourceRevisionDigest: sha256:14f6daa5a7929c4acc4661769c8e3a2aed782d185aec2d039b37ee4aae4f6294
        sourceBlobDigest: sha256:633f19437749861053432877efc187a566b155a48a313759db54262628ee9ed1
        tags:
            - latest
            - speakeasy-sdk-regen-1764866135
            - 1.0.0
targets:
    client:
        source: Mollie API
        sourceNamespace: mollie-api
        sourceRevisionDigest: sha256:14f6daa5a7929c4acc4661769c8e3a2aed782d185aec2d039b37ee4aae4f6294
        sourceBlobDigest: sha256:633f19437749861053432877efc187a566b155a48a313759db54262628ee9ed1
        codeSamplesNamespace: mollie-api-java-code-samples
        codeSamplesRevisionDigest: sha256:eb5089c273d9c6ee6d046701ee2d485559329ad95e40f783cc5274dedf5b0392
workflow:
    workflowVersion: 1.0.0
    speakeasyVersion: latest
    sources:
        Mollie API:
            inputs:
                - location: https://raw.githubusercontent.com/mollie/openapi-specs/main/specs.yaml
            registry:
                location: registry.speakeasyapi.dev/mollie-oom/mollie/mollie-api
    targets:
        client:
            target: java
            source: Mollie API
            publish:
                java:
                    ossrhUsername: $ossrh_username
                    ossrhPassword: $ossrh_password
                    gpgSecretKey: $java_gpg_secret_key
                    gpgPassPhrase: $java_gpg_passphrase
            codeSamples:
                registry:
                    location: registry.speakeasyapi.dev/mollie-oom/mollie/mollie-api-java-code-samples
                labelOverride:
                    fixedValue: Java (SDK)
                blocking: false
