speakeasyVersion: 1.622.1
sources:
    Mollie API:
        sourceNamespace: mollie-api
        sourceRevisionDigest: sha256:acc09f96ddaabdab0818901f085e56f20e40b06d5e90f5189e4a3f1f332c2794
        sourceBlobDigest: sha256:6c7716771466a43848b8dcb6ddeccb718473d72454a982fc6343cbd0b433186e
        tags:
            - latest
            - speakeasy-sdk-regen-1758616584
            - 1.0.0
targets:
    client:
        source: Mollie API
        sourceNamespace: mollie-api
        sourceRevisionDigest: sha256:acc09f96ddaabdab0818901f085e56f20e40b06d5e90f5189e4a3f1f332c2794
        sourceBlobDigest: sha256:6c7716771466a43848b8dcb6ddeccb718473d72454a982fc6343cbd0b433186e
        codeSamplesNamespace: mollie-api-java-code-samples
        codeSamplesRevisionDigest: sha256:6aeccd0109e58fe8b35e65373b964da21fc22da383566429f9cc4b432f2e7110
workflow:
    workflowVersion: 1.0.0
    speakeasyVersion: latest
    sources:
        Mollie API:
            inputs:
                - location: https://raw.githubusercontent.com/mollie/openapi-specs/main/specs.yaml
            registry:
                location: registry.speakeasyapi.dev/mollie-oom/mollie/mollie-api
    targets:
        client:
            target: java
            source: Mollie API
            publish:
                java:
                    ossrhUsername: $ossrh_username
                    ossrhPassword: $ossrh_password
                    gpgSecretKey: $java_gpg_secret_key
                    gpgPassPhrase: $java_gpg_passphrase
            codeSamples:
                registry:
                    location: registry.speakeasyapi.dev/mollie-oom/mollie/mollie-api-java-code-samples
                labelOverride:
                    fixedValue: Java (SDK)
                blocking: false
